// !$*UTF8*$!
{
	archiveVersion = 1;
	classes = {
	};
	objectVersion = 56;
	objects = {

/* Begin PBXBuildFile section */
		D036097E29423F6B00BE7458 /* PhotosTableViewCell.swift in Sources */ = {isa = PBXBuildFile; fileRef = D036097D29423F6B00BE7458 /* PhotosTableViewCell.swift */; };
		D0617ADE293F93CB0051148E /* LogInViewController.swift in Sources */ = {isa = PBXBuildFile; fileRef = D0617ADD293F93CB0051148E /* LogInViewController.swift */; };
		D0617AE0293FAF960051148E /* ExtansionUIImage.swift in Sources */ = {isa = PBXBuildFile; fileRef = D0617ADF293FAF960051148E /* ExtansionUIImage.swift */; };
		D0812F1429425DDF0085DDAC /* PhotosViewController.swift in Sources */ = {isa = PBXBuildFile; fileRef = D0812F1329425DDF0085DDAC /* PhotosViewController.swift */; };
		D0812F1629425FD00085DDAC /* PhotosCollectionViewCell.swift in Sources */ = {isa = PBXBuildFile; fileRef = D0812F1529425FD00085DDAC /* PhotosCollectionViewCell.swift */; };
		D0812F1829426A8A0085DDAC /* Data.swift in Sources */ = {isa = PBXBuildFile; fileRef = D0812F1729426A8A0085DDAC /* Data.swift */; };
		D09189442923F8390073EC9A /* ProfileHeaderView.swift in Sources */ = {isa = PBXBuildFile; fileRef = D09189432923F8390073EC9A /* ProfileHeaderView.swift */; };
		D0ADF9292941210000A471DB /* PostTableViewCell.swift in Sources */ = {isa = PBXBuildFile; fileRef = D0ADF9282941210000A471DB /* PostTableViewCell.swift */; };
		D0AFBF5B29411A5D00B03E83 /* Post.swift in Sources */ = {isa = PBXBuildFile; fileRef = D0AFBF5A29411A5D00B03E83 /* Post.swift */; };
		D0B91A9728F05A910012269F /* AlertController.swift in Sources */ = {isa = PBXBuildFile; fileRef = D0B91A9628F05A910012269F /* AlertController.swift */; };
		D0BC3F9928F05D0B00ADE969 /* InfoViewController.swift in Sources */ = {isa = PBXBuildFile; fileRef = D0BC3F9828F05D0B00ADE969 /* InfoViewController.swift */; };
		D0D2DABA28EF1132001CB2E5 /* AppDelegate.swift in Sources */ = {isa = PBXBuildFile; fileRef = D0D2DAB928EF1132001CB2E5 /* AppDelegate.swift */; };
		D0D2DABC28EF1132001CB2E5 /* SceneDelegate.swift in Sources */ = {isa = PBXBuildFile; fileRef = D0D2DABB28EF1132001CB2E5 /* SceneDelegate.swift */; };
		D0D2DAC328EF1133001CB2E5 /* Assets.xcassets in Resources */ = {isa = PBXBuildFile; fileRef = D0D2DAC228EF1133001CB2E5 /* Assets.xcassets */; };
		D0D2DAC628EF1133001CB2E5 /* LaunchScreen.storyboard in Resources */ = {isa = PBXBuildFile; fileRef = D0D2DAC428EF1133001CB2E5 /* LaunchScreen.storyboard */; };
		D0D2DAD228F03232001CB2E5 /* FeedViewController.swift in Sources */ = {isa = PBXBuildFile; fileRef = D0D2DAD128F03232001CB2E5 /* FeedViewController.swift */; };
		D0D2DAD428F03248001CB2E5 /* ProfileViewController.swift in Sources */ = {isa = PBXBuildFile; fileRef = D0D2DAD328F03248001CB2E5 /* ProfileViewController.swift */; };
		D0D2DAD628F04120001CB2E5 /* PostViewController.swift in Sources */ = {isa = PBXBuildFile; fileRef = D0D2DAD528F04120001CB2E5 /* PostViewController.swift */; };
/* End PBXBuildFile section */

/* Begin PBXFileReference section */
		D036097D29423F6B00BE7458 /* PhotosTableViewCell.swift */ = {isa = PBXFileReference; lastKnownFileType = sourcecode.swift; path = PhotosTableViewCell.swift; sourceTree = "<group>"; };
		D0617ADD293F93CB0051148E /* LogInViewController.swift */ = {isa = PBXFileReference; lastKnownFileType = sourcecode.swift; path = LogInViewController.swift; sourceTree = "<group>"; };
		D0617ADF293FAF960051148E /* ExtansionUIImage.swift */ = {isa = PBXFileReference; lastKnownFileType = sourcecode.swift; path = ExtansionUIImage.swift; sourceTree = "<group>"; };
		D0812F1329425DDF0085DDAC /* PhotosViewController.swift */ = {isa = PBXFileReference; lastKnownFileType = sourcecode.swift; path = PhotosViewController.swift; sourceTree = "<group>"; };
		D0812F1529425FD00085DDAC /* PhotosCollectionViewCell.swift */ = {isa = PBXFileReference; lastKnownFileType = sourcecode.swift; path = PhotosCollectionViewCell.swift; sourceTree = "<group>"; };
		D0812F1729426A8A0085DDAC /* Data.swift */ = {isa = PBXFileReference; lastKnownFileType = sourcecode.swift; path = Data.swift; sourceTree = "<group>"; };
		D09189432923F8390073EC9A /* ProfileHeaderView.swift */ = {isa = PBXFileReference; lastKnownFileType = sourcecode.swift; path = ProfileHeaderView.swift; sourceTree = "<group>"; };
		D0ADF9282941210000A471DB /* PostTableViewCell.swift */ = {isa = PBXFileReference; lastKnownFileType = sourcecode.swift; path = PostTableViewCell.swift; sourceTree = "<group>"; };
		D0AFBF5A29411A5D00B03E83 /* Post.swift */ = {isa = PBXFileReference; lastKnownFileType = sourcecode.swift; path = Post.swift; sourceTree = "<group>"; };
		D0B91A9628F05A910012269F /* AlertController.swift */ = {isa = PBXFileReference; lastKnownFileType = sourcecode.swift; path = AlertController.swift; sourceTree = "<group>"; };
		D0BC3F9828F05D0B00ADE969 /* InfoViewController.swift */ = {isa = PBXFileReference; lastKnownFileType = sourcecode.swift; path = InfoViewController.swift; sourceTree = "<group>"; };
		D0D2DAB628EF1132001CB2E5 /* Navigation.app */ = {isa = PBXFileReference; explicitFileType = wrapper.application; includeInIndex = 0; path = Navigation.app; sourceTree = BUILT_PRODUCTS_DIR; };
		D0D2DAB928EF1132001CB2E5 /* AppDelegate.swift */ = {isa = PBXFileReference; lastKnownFileType = sourcecode.swift; path = AppDelegate.swift; sourceTree = "<group>"; };
		D0D2DABB28EF1132001CB2E5 /* SceneDelegate.swift */ = {isa = PBXFileReference; lastKnownFileType = sourcecode.swift; path = SceneDelegate.swift; sourceTree = "<group>"; };
		D0D2DAC228EF1133001CB2E5 /* Assets.xcassets */ = {isa = PBXFileReference; lastKnownFileType = folder.assetcatalog; path = Assets.xcassets; sourceTree = "<group>"; };
		D0D2DAC528EF1133001CB2E5 /* Base */ = {isa = PBXFileReference; lastKnownFileType = file.storyboard; name = Base; path = Base.lproj/LaunchScreen.storyboard; sourceTree = "<group>"; };
		D0D2DAC728EF1133001CB2E5 /* Info.plist */ = {isa = PBXFileReference; lastKnownFileType = text.plist.xml; path = Info.plist; sourceTree = "<group>"; };
		D0D2DAD128F03232001CB2E5 /* FeedViewController.swift */ = {isa = PBXFileReference; lastKnownFileType = sourcecode.swift; path = FeedViewController.swift; sourceTree = "<group>"; };
		D0D2DAD328F03248001CB2E5 /* ProfileViewController.swift */ = {isa = PBXFileReference; lastKnownFileType = sourcecode.swift; path = ProfileViewController.swift; sourceTree = "<group>"; };
		D0D2DAD528F04120001CB2E5 /* PostViewController.swift */ = {isa = PBXFileReference; lastKnownFileType = sourcecode.swift; path = PostViewController.swift; sourceTree = "<group>"; };
/* End PBXFileReference section */

/* Begin PBXFrameworksBuildPhase section */
		D0D2DAB328EF1132001CB2E5 /* Frameworks */ = {
			isa = PBXFrameworksBuildPhase;
			buildActionMask = 2147483647;
			files = (
			);
			runOnlyForDeploymentPostprocessing = 0;
		};
/* End PBXFrameworksBuildPhase section */

/* Begin PBXGroup section */
		D091893E2923D4510073EC9A /* Profile */ = {
			isa = PBXGroup;
			children = (
				D0D2DAD328F03248001CB2E5 /* ProfileViewController.swift */,
				D09189432923F8390073EC9A /* ProfileHeaderView.swift */,
				D0617ADD293F93CB0051148E /* LogInViewController.swift */,
				D0AFBF5A29411A5D00B03E83 /* Post.swift */,
				D0ADF9282941210000A471DB /* PostTableViewCell.swift */,
				D036097D29423F6B00BE7458 /* PhotosTableViewCell.swift */,
				D0812F1329425DDF0085DDAC /* PhotosViewController.swift */,
				D0812F1529425FD00085DDAC /* PhotosCollectionViewCell.swift */,
			);
			path = Profile;
			sourceTree = "<group>";
		};
		D0D2DAAD28EF1132001CB2E5 = {
			isa = PBXGroup;
			children = (
				D0D2DAB828EF1132001CB2E5 /* Navigation */,
				D0D2DAB728EF1132001CB2E5 /* Products */,
			);
			sourceTree = "<group>";
		};
		D0D2DAB728EF1132001CB2E5 /* Products */ = {
			isa = PBXGroup;
			children = (
				D0D2DAB628EF1132001CB2E5 /* Navigation.app */,
			);
			name = Products;
			sourceTree = "<group>";
		};
		D0D2DAB828EF1132001CB2E5 /* Navigation */ = {
			isa = PBXGroup;
			children = (
				D091893E2923D4510073EC9A /* Profile */,
				D0D2DAB928EF1132001CB2E5 /* AppDelegate.swift */,
				D0D2DABB28EF1132001CB2E5 /* SceneDelegate.swift */,
				D0D2DAD128F03232001CB2E5 /* FeedViewController.swift */,
				D0D2DAD528F04120001CB2E5 /* PostViewController.swift */,
				D0BC3F9828F05D0B00ADE969 /* InfoViewController.swift */,
				D0B91A9628F05A910012269F /* AlertController.swift */,
				D0617ADF293FAF960051148E /* ExtansionUIImage.swift */,
				D0812F1729426A8A0085DDAC /* Data.swift */,
				D0D2DAC228EF1133001CB2E5 /* Assets.xcassets */,
				D0D2DAC428EF1133001CB2E5 /* LaunchScreen.storyboard */,
				D0D2DAC728EF1133001CB2E5 /* Info.plist */,
			);
			path = Navigation;
			sourceTree = "<group>";
		};
/* End PBXGroup section */

/* Begin PBXNativeTarget section */
		D0D2DAB528EF1132001CB2E5 /* Navigation */ = {
			isa = PBXNativeTarget;
			buildConfigurationList = D0D2DACA28EF1133001CB2E5 /* Build configuration list for PBXNativeTarget "Navigation" */;
			buildPhases = (
				D0D2DAB228EF1132001CB2E5 /* Sources */,
				D0D2DAB328EF1132001CB2E5 /* Frameworks */,
				D0D2DAB428EF1132001CB2E5 /* Resources */,
			);
			buildRules = (
			);
			dependencies = (
			);
			name = Navigation;
			productName = Navigation;
			productReference = D0D2DAB628EF1132001CB2E5 /* Navigation.app */;
			productType = "com.apple.product-type.application";
		};
/* End PBXNativeTarget section */

/* Begin PBXProject section */
		D0D2DAAE28EF1132001CB2E5 /* Project object */ = {
			isa = PBXProject;
			attributes = {
				BuildIndependentTargetsInParallel = 1;
				LastSwiftUpdateCheck = 1400;
				LastUpgradeCheck = 1400;
				TargetAttributes = {
					D0D2DAB528EF1132001CB2E5 = {
						CreatedOnToolsVersion = 14.0.1;
					};
				};
			};
			buildConfigurationList = D0D2DAB128EF1132001CB2E5 /* Build configuration list for PBXProject "Navigation" */;
			compatibilityVersion = "Xcode 14.0";
			developmentRegion = en;
			hasScannedForEncodings = 0;
			knownRegions = (
				en,
				Base,
			);
			mainGroup = D0D2DAAD28EF1132001CB2E5;
			productRefGroup = D0D2DAB728EF1132001CB2E5 /* Products */;
			projectDirPath = "";
			projectRoot = "";
			targets = (
				D0D2DAB528EF1132001CB2E5 /* Navigation */,
			);
		};
/* End PBXProject section */

/* Begin PBXResourcesBuildPhase section */
		D0D2DAB428EF1132001CB2E5 /* Resources */ = {
			isa = PBXResourcesBuildPhase;
			buildActionMask = 2147483647;
			files = (
				D0D2DAC628EF1133001CB2E5 /* LaunchScreen.storyboard in Resources */,
				D0D2DAC328EF1133001CB2E5 /* Assets.xcassets in Resources */,
			);
			runOnlyForDeploymentPostprocessing = 0;
		};
/* End PBXResourcesBuildPhase section */

/* Begin PBXSourcesBuildPhase section */
		D0D2DAB228EF1132001CB2E5 /* Sources */ = {
			isa = PBXSourcesBuildPhase;
			buildActionMask = 2147483647;
			files = (
				D0D2DAD428F03248001CB2E5 /* ProfileViewController.swift in Sources */,
				D0D2DAD628F04120001CB2E5 /* PostViewController.swift in Sources */,
				D0D2DAD228F03232001CB2E5 /* FeedViewController.swift in Sources */,
				D0AFBF5B29411A5D00B03E83 /* Post.swift in Sources */,
				D0B91A9728F05A910012269F /* AlertController.swift in Sources */,
				D09189442923F8390073EC9A /* ProfileHeaderView.swift in Sources */,
				D0D2DABA28EF1132001CB2E5 /* AppDelegate.swift in Sources */,
				D0BC3F9928F05D0B00ADE969 /* InfoViewController.swift in Sources */,
				D0617AE0293FAF960051148E /* ExtansionUIImage.swift in Sources */,
				D036097E29423F6B00BE7458 /* PhotosTableViewCell.swift in Sources */,
				D0617ADE293F93CB0051148E /* LogInViewController.swift in Sources */,
				D0812F1629425FD00085DDAC /* PhotosCollectionViewCell.swift in Sources */,
				D0812F1429425DDF0085DDAC /* PhotosViewController.swift in Sources */,
				D0D2DABC28EF1132001CB2E5 /* SceneDelegate.swift in Sources */,
				D0ADF9292941210000A471DB /* PostTableViewCell.swift in Sources */,
				D0812F1829426A8A0085DDAC /* Data.swift in Sources */,
			);
			runOnlyForDeploymentPostprocessing = 0;
		};
/* End PBXSourcesBuildPhase section */

/* Begin PBXVariantGroup section */
		D0D2DAC428EF1133001CB2E5 /* LaunchScreen.storyboard */ = {
			isa = PBXVariantGroup;
			children = (
				D0D2DAC528EF1133001CB2E5 /* Base */,
			);
			name = LaunchScreen.storyboard;
			sourceTree = "<group>";
		};
/* End PBXVariantGroup section */

/* Begin XCBuildConfiguration section */
		D0D2DAC828EF1133001CB2E5 /* Debug */ = {
			isa = XCBuildConfiguration;
			buildSettings = {
				ALWAYS_SEARCH_USER_PATHS = NO;
				CLANG_ANALYZER_NONNULL = YES;
				CLANG_ANALYZER_NUMBER_OBJECT_CONVERSION = YES_AGGRESSIVE;
				CLANG_CXX_LANGUAGE_STANDARD = "gnu++20";
				CLANG_ENABLE_MODULES = YES;
				CLANG_ENABLE_OBJC_ARC = YES;
				CLANG_ENABLE_OBJC_WEAK = YES;
				CLANG_WARN_BLOCK_CAPTURE_AUTORELEASING = YES;
				CLANG_WARN_BOOL_CONVERSION = YES;
				CLANG_WARN_COMMA = YES;
				CLANG_WARN_CONSTANT_CONVERSION = YES;
				CLANG_WARN_DEPRECATED_OBJC_IMPLEMENTATIONS = YES;
				CLANG_WARN_DIRECT_OBJC_ISA_USAGE = YES_ERROR;
				CLANG_WARN_DOCUMENTATION_COMMENTS = YES;
				CLANG_WARN_EMPTY_BODY = YES;
				CLANG_WARN_ENUM_CONVERSION = YES;
				CLANG_WARN_INFINITE_RECURSION = YES;
				CLANG_WARN_INT_CONVERSION = YES;
				CLANG_WARN_NON_LITERAL_NULL_CONVERSION = YES;
				CLANG_WARN_OBJC_IMPLICIT_RETAIN_SELF = YES;
				CLANG_WARN_OBJC_LITERAL_CONVERSION = YES;
				CLANG_WARN_OBJC_ROOT_CLASS = YES_ERROR;
				CLANG_WARN_QUOTED_INCLUDE_IN_FRAMEWORK_HEADER = YES;
				CLANG_WARN_RANGE_LOOP_ANALYSIS = YES;
				CLANG_WARN_STRICT_PROTOTYPES = YES;
				CLANG_WARN_SUSPICIOUS_MOVE = YES;
				CLANG_WARN_UNGUARDED_AVAILABILITY = YES_AGGRESSIVE;
				CLANG_WARN_UNREACHABLE_CODE = YES;
				CLANG_WARN__DUPLICATE_METHOD_MATCH = YES;
				COPY_PHASE_STRIP = NO;
				DEBUG_INFORMATION_FORMAT = dwarf;
				ENABLE_STRICT_OBJC_MSGSEND = YES;
				ENABLE_TESTABILITY = YES;
				GCC_C_LANGUAGE_STANDARD = gnu11;
				GCC_DYNAMIC_NO_PIC = NO;
				GCC_NO_COMMON_BLOCKS = YES;
				GCC_OPTIMIZATION_LEVEL = 0;
				GCC_PREPROCESSOR_DEFINITIONS = (
					"DEBUG=1",
					"$(inherited)",
				);
				GCC_WARN_64_TO_32_BIT_CONVERSION = YES;
				GCC_WARN_ABOUT_RETURN_TYPE = YES_ERROR;
				GCC_WARN_UNDECLARED_SELECTOR = YES;
				GCC_WARN_UNINITIALIZED_AUTOS = YES_AGGRESSIVE;
				GCC_WARN_UNUSED_FUNCTION = YES;
				GCC_WARN_UNUSED_VARIABLE = YES;
				IPHONEOS_DEPLOYMENT_TARGET = 16.0;
				MTL_ENABLE_DEBUG_INFO = INCLUDE_SOURCE;
				MTL_FAST_MATH = YES;
				ONLY_ACTIVE_ARCH = YES;
				SDKROOT = iphoneos;
				SWIFT_ACTIVE_COMPILATION_CONDITIONS = DEBUG;
				SWIFT_OPTIMIZATION_LEVEL = "-Onone";
			};
			name = Debug;
		};
		D0D2DAC928EF1133001CB2E5 /* Release */ = {
			isa = XCBuildConfiguration;
			buildSettings = {
				ALWAYS_SEARCH_USER_PATHS = NO;
				CLANG_ANALYZER_NONNULL = YES;
				CLANG_ANALYZER_NUMBER_OBJECT_CONVERSION = YES_AGGRESSIVE;
				CLANG_CXX_LANGUAGE_STANDARD = "gnu++20";
				CLANG_ENABLE_MODULES = YES;
				CLANG_ENABLE_OBJC_ARC = YES;
				CLANG_ENABLE_OBJC_WEAK = YES;
				CLANG_WARN_BLOCK_CAPTURE_AUTORELEASING = YES;
				CLANG_WARN_BOOL_CONVERSION = YES;
				CLANG_WARN_COMMA = YES;
				CLANG_WARN_CONSTANT_CONVERSION = YES;
				CLANG_WARN_DEPRECATED_OBJC_IMPLEMENTATIONS = YES;
				CLANG_WARN_DIRECT_OBJC_ISA_USAGE = YES_ERROR;
				CLANG_WARN_DOCUMENTATION_COMMENTS = YES;
				CLANG_WARN_EMPTY_BODY = YES;
				CLANG_WARN_ENUM_CONVERSION = YES;
				CLANG_WARN_INFINITE_RECURSION = YES;
				CLANG_WARN_INT_CONVERSION = YES;
				CLANG_WARN_NON_LITERAL_NULL_CONVERSION = YES;
				CLANG_WARN_OBJC_IMPLICIT_RETAIN_SELF = YES;
				CLANG_WARN_OBJC_LITERAL_CONVERSION = YES;
				CLANG_WARN_OBJC_ROOT_CLASS = YES_ERROR;
				CLANG_WARN_QUOTED_INCLUDE_IN_FRAMEWORK_HEADER = YES;
				CLANG_WARN_RANGE_LOOP_ANALYSIS = YES;
				CLANG_WARN_STRICT_PROTOTYPES = YES;
				CLANG_WARN_SUSPICIOUS_MOVE = YES;
				CLANG_WARN_UNGUARDED_AVAILABILITY = YES_AGGRESSIVE;
				CLANG_WARN_UNREACHABLE_CODE = YES;
				CLANG_WARN__DUPLICATE_METHOD_MATCH = YES;
				COPY_PHASE_STRIP = NO;
				DEBUG_INFORMATION_FORMAT = "dwarf-with-dsym";
				ENABLE_NS_ASSERTIONS = NO;
				ENABLE_STRICT_OBJC_MSGSEND = YES;
				GCC_C_LANGUAGE_STANDARD = gnu11;
				GCC_NO_COMMON_BLOCKS = YES;
				GCC_WARN_64_TO_32_BIT_CONVERSION = YES;
				GCC_WARN_ABOUT_RETURN_TYPE = YES_ERROR;
				GCC_WARN_UNDECLARED_SELECTOR = YES;
				GCC_WARN_UNINITIALIZED_AUTOS = YES_AGGRESSIVE;
				GCC_WARN_UNUSED_FUNCTION = YES;
				GCC_WARN_UNUSED_VARIABLE = YES;
				IPHONEOS_DEPLOYMENT_TARGET = 16.0;
				MTL_ENABLE_DEBUG_INFO = NO;
				MTL_FAST_MATH = YES;
				SDKROOT = iphoneos;
				SWIFT_COMPILATION_MODE = wholemodule;
				SWIFT_OPTIMIZATION_LEVEL = "-O";
				VALIDATE_PRODUCT = YES;
			};
			name = Release;
		};
		D0D2DACB28EF1133001CB2E5 /* Debug */ = {
			isa = XCBuildConfiguration;
			buildSettings = {
				ASSETCATALOG_COMPILER_APPICON_NAME = AppIcon;
				ASSETCATALOG_COMPILER_GLOBAL_ACCENT_COLOR_NAME = AccentColor;
				CODE_SIGN_STYLE = Automatic;
				CURRENT_PROJECT_VERSION = 1;
				DEVELOPMENT_TEAM = GHRWK526R5;
				GENERATE_INFOPLIST_FILE = YES;
				INFOPLIST_FILE = Navigation/Info.plist;
				INFOPLIST_KEY_UIApplicationSupportsIndirectInputEvents = YES;
				INFOPLIST_KEY_UILaunchStoryboardName = LaunchScreen;
				INFOPLIST_KEY_UISupportedInterfaceOrientations_iPad = "UIInterfaceOrientationPortrait UIInterfaceOrientationPortraitUpsideDown UIInterfaceOrientationLandscapeLeft UIInterfaceOrientationLandscapeRight";
				INFOPLIST_KEY_UISupportedInterfaceOrientations_iPhone = "UIInterfaceOrientationPortrait UIInterfaceOrientationLandscapeLeft UIInterfaceOrientationLandscapeRight";
				LD_RUNPATH_SEARCH_PATHS = (
					"$(inherited)",
					"@executable_path/Frameworks",
				);
				MARKETING_VERSION = 1.0;
				PRODUCT_BUNDLE_IDENTIFIER = My.Navigation.DG;
				PRODUCT_NAME = "$(TARGET_NAME)";
				SWIFT_EMIT_LOC_STRINGS = YES;
				SWIFT_VERSION = 5.0;
				TARGETED_DEVICE_FAMILY = "1,2";
			};
			name = Debug;
		};
		D0D2DACC28EF1133001CB2E5 /* Release */ = {
			isa = XCBuildConfiguration;
			buildSettings = {
				ASSETCATALOG_COMPILER_APPICON_NAME = AppIcon;
				ASSETCATALOG_COMPILER_GLOBAL_ACCENT_COLOR_NAME = AccentColor;
				CODE_SIGN_STYLE = Automatic;
				CURRENT_PROJECT_VERSION = 1;
				DEVELOPMENT_TEAM = GHRWK526R5;
				GENERATE_INFOPLIST_FILE = YES;
				INFOPLIST_FILE = Navigation/Info.plist;
				INFOPLIST_KEY_UIApplicationSupportsIndirectInputEvents = YES;
				INFOPLIST_KEY_UILaunchStoryboardName = LaunchScreen;
				INFOPLIST_KEY_UISupportedInterfaceOrientations_iPad = "UIInterfaceOrientationPortrait UIInterfaceOrientationPortraitUpsideDown UIInterfaceOrientationLandscapeLeft UIInterfaceOrientationLandscapeRight";
				INFOPLIST_KEY_UISupportedInterfaceOrientations_iPhone = "UIInterfaceOrientationPortrait UIInterfaceOrientationLandscapeLeft UIInterfaceOrientationLandscapeRight";
				LD_RUNPATH_SEARCH_PATHS = (
					"$(inherited)",
					"@executable_path/Frameworks",
				);
				MARKETING_VERSION = 1.0;
				PRODUCT_BUNDLE_IDENTIFIER = My.Navigation.DG;
				PRODUCT_NAME = "$(TARGET_NAME)";
				SWIFT_EMIT_LOC_STRINGS = YES;
				SWIFT_VERSION = 5.0;
				TARGETED_DEVICE_FAMILY = "1,2";
			};
			name = Release;
		};
/* End XCBuildConfiguration section */

/* Begin XCConfigurationList section */
		D0D2DAB128EF1132001CB2E5 /* Build configuration list for PBXProject "Navigation" */ = {
			isa = XCConfigurationList;
			buildConfigurations = (
				D0D2DAC828EF1133001CB2E5 /* Debug */,
				D0D2DAC928EF1133001CB2E5 /* Release */,
			);
			defaultConfigurationIsVisible = 0;
			defaultConfigurationName = Release;
		};
		D0D2DACA28EF1133001CB2E5 /* Build configuration list for PBXNativeTarget "Navigation" */ = {
			isa = XCConfigurationList;
			buildConfigurations = (
				D0D2DACB28EF1133001CB2E5 /* Debug */,
				D0D2DACC28EF1133001CB2E5 /* Release */,
			);
			defaultConfigurationIsVisible = 0;
			defaultConfigurationName = Release;
		};
/* End XCConfigurationList section */
	};
	rootObject = D0D2DAAE28EF1132001CB2E5 /* Project object */;
}
